
Microsoft Visual Studio Solution File, Format Version 12.00
# Visual Studio Version 17
VisualStudioVersion = 17.1.32328.378
MinimumVisualStudioVersion = 10.0.40219.1
Project("{FAE04EC0-301F-11D3-BF4B-00C04F79EFBC}") = "PZ_4", "PZ_4\PZ_4.csproj", "{5DAF43F0-DD66-484F-AEDF-C93F467EAE72}"
EndProject
Project("{2150E333-8FDC-42A3-9474-1A3956D46DE8}") = "Solution Items", "Solution Items", "{0510E060-729C-4216-AF2F-04CFB9E8946E}"
	ProjectSection(SolutionItems) = preProject
		.editorconfig = .editorconfig
	EndProjectSection
EndProject
Global
	GlobalSection(SolutionConfigurationPlatforms) = preSolution
		Debug|Any CPU = Debug|Any CPU
		Release|Any CPU = Release|Any CPU
	EndGlobalSection
	GlobalSection(ProjectConfigurationPlatforms) = postSolution
		{5DAF43F0-DD66-484F-AEDF-C93F467EAE72}.Debug|Any CPU.ActiveCfg = Debug|Any CPU
		{5DAF43F0-DD66-484F-AEDF-C93F467EAE72}.Debug|Any CPU.Build.0 = Debug|Any CPU
		{5DAF43F0-DD66-484F-AEDF-C93F467EAE72}.Release|Any CPU.ActiveCfg = Release|Any CPU
		{5DAF43F0-DD66-484F-AEDF-C93F467EAE72}.Release|Any CPU.Build.0 = Release|Any CPU
	EndGlobalSection
	GlobalSection(SolutionProperties) = preSolution
		HideSolutionNode = FALSE
	EndGlobalSection
	GlobalSection(ExtensibilityGlobals) = postSolution
		SolutionGuid = {F9F93AF8-B574-4710-975B-05F6CE6FBAD7}
	EndGlobalSection
EndGlobal
