
Microsoft Visual Studio Solution File, Format Version 12.00
# Visual Studio Version 17
VisualStudioVersion = 17.1.32328.378
MinimumVisualStudioVersion = 10.0.40219.1
Project("{FAE04EC0-301F-11D3-BF4B-00C04F79EFBC}") = "PZ_2", "PZ_2\PZ_2.csproj", "{4B8A1AB6-5F0B-424D-BE29-47B3D799014D}"
EndProject
Global
	GlobalSection(SolutionConfigurationPlatforms) = preSolution
		Debug|Any CPU = Debug|Any CPU
		Release|Any CPU = Release|Any CPU
	EndGlobalSection
	GlobalSection(ProjectConfigurationPlatforms) = postSolution
		{4B8A1AB6-5F0B-424D-BE29-47B3D799014D}.Debug|Any CPU.ActiveCfg = Debug|Any CPU
		{4B8A1AB6-5F0B-424D-BE29-47B3D799014D}.Debug|Any CPU.Build.0 = Debug|Any CPU
		{4B8A1AB6-5F0B-424D-BE29-47B3D799014D}.Release|Any CPU.ActiveCfg = Release|Any CPU
		{4B8A1AB6-5F0B-424D-BE29-47B3D799014D}.Release|Any CPU.Build.0 = Release|Any CPU
	EndGlobalSection
	GlobalSection(SolutionProperties) = preSolution
		HideSolutionNode = FALSE
	EndGlobalSection
	GlobalSection(ExtensibilityGlobals) = postSolution
		SolutionGuid = {6C406456-2CBE-4B53-A909-A59022B06E0D}
	EndGlobalSection
EndGlobal
